// !$*UTF8*$!
{
	archiveVersion = 1;
	classes = {
	};
	objectVersion = 50;
	objects = {

/* Begin PBXBuildFile section */
		87A8F498222D32B20003E2E7 /* AppDelegate.swift in Sources */ = {isa = PBXBuildFile; fileRef = 87A8F497222D32B20003E2E7 /* AppDelegate.swift */; };
		87A8F49A222D32B20003E2E7 /* ViewController.swift in Sources */ = {isa = PBXBuildFile; fileRef = 87A8F499222D32B20003E2E7 /* ViewController.swift */; };
		87A8F49D222D32B20003E2E7 /* Main.storyboard in Resources */ = {isa = PBXBuildFile; fileRef = 87A8F49B222D32B20003E2E7 /* Main.storyboard */; };
		87A8F49F222D32B30003E2E7 /* Assets.xcassets in Resources */ = {isa = PBXBuildFile; fileRef = 87A8F49E222D32B30003E2E7 /* Assets.xcassets */; };
		87A8F4A2222D32B30003E2E7 /* LaunchScreen.storyboard in Resources */ = {isa = PBXBuildFile; fileRef = 87A8F4A0222D32B30003E2E7 /* LaunchScreen.storyboard */; };
		87A8F4AD222D32B30003E2E7 /* lab2___Anpanman_puzzleTests.swift in Sources */ = {isa = PBXBuildFile; fileRef = 87A8F4AC222D32B30003E2E7 /* lab2___Anpanman_puzzleTests.swift */; };
		87A8F4B8222D32B30003E2E7 /* lab2___Anpanman_puzzleUITests.swift in Sources */ = {isa = PBXBuildFile; fileRef = 87A8F4B7222D32B30003E2E7 /* lab2___Anpanman_puzzleUITests.swift */; };
/* End PBXBuildFile section */

/* Begin PBXContainerItemProxy section */
		87A8F4A9222D32B30003E2E7 /* PBXContainerItemProxy */ = {
			isa = PBXContainerItemProxy;
			containerPortal = 87A8F48C222D32B20003E2E7 /* Project object */;
			proxyType = 1;
			remoteGlobalIDString = 87A8F493222D32B20003E2E7;
			remoteInfo = "lab2 - Anpanman puzzle";
		};
		87A8F4B4222D32B30003E2E7 /* PBXContainerItemProxy */ = {
			isa = PBXContainerItemProxy;
			containerPortal = 87A8F48C222D32B20003E2E7 /* Project object */;
			proxyType = 1;
			remoteGlobalIDString = 87A8F493222D32B20003E2E7;
			remoteInfo = "lab2 - Anpanman puzzle";
		};
/* End PBXContainerItemProxy section */

/* Begin PBXFileReference section */
		87A8F494222D32B20003E2E7 /* lab2 - Anpanman puzzle.app */ = {isa = PBXFileReference; explicitFileType = wrapper.application; includeInIndex = 0; path = "lab2 - Anpanman puzzle.app"; sourceTree = BUILT_PRODUCTS_DIR; };
		87A8F497222D32B20003E2E7 /* AppDelegate.swift */ = {isa = PBXFileReference; lastKnownFileType = sourcecode.swift; path = AppDelegate.swift; sourceTree = "<group>"; };
		87A8F499222D32B20003E2E7 /* ViewController.swift */ = {isa = PBXFileReference; lastKnownFileType = sourcecode.swift; path = ViewController.swift; sourceTree = "<group>"; };
		87A8F49C222D32B20003E2E7 /* Base */ = {isa = PBXFileReference; lastKnownFileType = file.storyboard; name = Base; path = Base.lproj/Main.storyboard; sourceTree = "<group>"; };
		87A8F49E222D32B30003E2E7 /* Assets.xcassets */ = {isa = PBXFileReference; lastKnownFileType = folder.assetcatalog; path = Assets.xcassets; sourceTree = "<group>"; };
		87A8F4A1222D32B30003E2E7 /* Base */ = {isa = PBXFileReference; lastKnownFileType = file.storyboard; name = Base; path = Base.lproj/LaunchScreen.storyboard; sourceTree = "<group>"; };
		87A8F4A3222D32B30003E2E7 /* Info.plist */ = {isa = PBXFileReference; lastKnownFileType = text.plist.xml; path = Info.plist; sourceTree = "<group>"; };
		87A8F4A8222D32B30003E2E7 /* lab2 - Anpanman puzzleTests.xctest */ = {isa = PBXFileReference; explicitFileType = wrapper.cfbundle; includeInIndex = 0; path = "lab2 - Anpanman puzzleTests.xctest"; sourceTree = BUILT_PRODUCTS_DIR; };
		87A8F4AC222D32B30003E2E7 /* lab2___Anpanman_puzzleTests.swift */ = {isa = PBXFileReference; lastKnownFileType = sourcecode.swift; path = "lab2___Anpanman_puzzleTests.swift"; sourceTree = "<group>"; };
		87A8F4AE222D32B30003E2E7 /* Info.plist */ = {isa = PBXFileReference; lastKnownFileType = text.plist.xml; path = Info.plist; sourceTree = "<group>"; };
		87A8F4B3222D32B30003E2E7 /* lab2 - Anpanman puzzleUITests.xctest */ = {isa = PBXFileReference; explicitFileType = wrapper.cfbundle; includeInIndex = 0; path = "lab2 - Anpanman puzzleUITests.xctest"; sourceTree = BUILT_PRODUCTS_DIR; };
		87A8F4B7222D32B30003E2E7 /* lab2___Anpanman_puzzleUITests.swift */ = {isa = PBXFileReference; lastKnownFileType = sourcecode.swift; path = "lab2___Anpanman_puzzleUITests.swift"; sourceTree = "<group>"; };
		87A8F4B9222D32B30003E2E7 /* Info.plist */ = {isa = PBXFileReference; lastKnownFileType = text.plist.xml; path = Info.plist; sourceTree = "<group>"; };
/* End PBXFileReference section */

/* Begin PBXFrameworksBuildPhase section */
		87A8F491222D32B20003E2E7 /* Frameworks */ = {
			isa = PBXFrameworksBuildPhase;
			buildActionMask = 2147483647;
			files = (
			);
			runOnlyForDeploymentPostprocessing = 0;
		};
		87A8F4A5222D32B30003E2E7 /* Frameworks */ = {
			isa = PBXFrameworksBuildPhase;
			buildActionMask = 2147483647;
			files = (
			);
			runOnlyForDeploymentPostprocessing = 0;
		};
		87A8F4B0222D32B30003E2E7 /* Frameworks */ = {
			isa = PBXFrameworksBuildPhase;
			buildActionMask = 2147483647;
			files = (
			);
			runOnlyForDeploymentPostprocessing = 0;
		};
/* End PBXFrameworksBuildPhase section */

/* Begin PBXGroup section */
		87A8F48B222D32B20003E2E7 = {
			isa = PBXGroup;
			children = (
				87A8F496222D32B20003E2E7 /* lab2 - Anpanman puzzle */,
				87A8F4AB222D32B30003E2E7 /* lab2 - Anpanman puzzleTests */,
				87A8F4B6222D32B30003E2E7 /* lab2 - Anpanman puzzleUITests */,
				87A8F495222D32B20003E2E7 /* Products */,
			);
			sourceTree = "<group>";
		};
		87A8F495222D32B20003E2E7 /* Products */ = {
			isa = PBXGroup;
			children = (
				87A8F494222D32B20003E2E7 /* lab2 - Anpanman puzzle.app */,
				87A8F4A8222D32B30003E2E7 /* lab2 - Anpanman puzzleTests.xctest */,
				87A8F4B3222D32B30003E2E7 /* lab2 - Anpanman puzzleUITests.xctest */,
			);
			name = Products;
			sourceTree = "<group>";
		};
		87A8F496222D32B20003E2E7 /* lab2 - Anpanman puzzle */ = {
			isa = PBXGroup;
			children = (
				87A8F497222D32B20003E2E7 /* AppDelegate.swift */,
				87A8F499222D32B20003E2E7 /* ViewController.swift */,
				87A8F49B222D32B20003E2E7 /* Main.storyboard */,
				87A8F49E222D32B30003E2E7 /* Assets.xcassets */,
				87A8F4A0222D32B30003E2E7 /* LaunchScreen.storyboard */,
				87A8F4A3222D32B30003E2E7 /* Info.plist */,
			);
			path = "lab2 - Anpanman puzzle";
			sourceTree = "<group>";
		};
		87A8F4AB222D32B30003E2E7 /* lab2 - Anpanman puzzleTests */ = {
			isa = PBXGroup;
			children = (
				87A8F4AC222D32B30003E2E7 /* lab2___Anpanman_puzzleTests.swift */,
				87A8F4AE222D32B30003E2E7 /* Info.plist */,
			);
			path = "lab2 - Anpanman puzzleTests";
			sourceTree = "<group>";
		};
		87A8F4B6222D32B30003E2E7 /* lab2 - Anpanman puzzleUITests */ = {
			isa = PBXGroup;
			children = (
				87A8F4B7222D32B30003E2E7 /* lab2___Anpanman_puzzleUITests.swift */,
				87A8F4B9222D32B30003E2E7 /* Info.plist */,
			);
			path = "lab2 - Anpanman puzzleUITests";
			sourceTree = "<group>";
		};
/* End PBXGroup section */

/* Begin PBXNativeTarget section */
		87A8F493222D32B20003E2E7 /* lab2 - Anpanman puzzle */ = {
			isa = PBXNativeTarget;
			buildConfigurationList = 87A8F4BC222D32B30003E2E7 /* Build configuration list for PBXNativeTarget "lab2 - Anpanman puzzle" */;
			buildPhases = (
				87A8F490222D32B20003E2E7 /* Sources */,
				87A8F491222D32B20003E2E7 /* Frameworks */,
				87A8F492222D32B20003E2E7 /* Resources */,
			);
			buildRules = (
			);
			dependencies = (
			);
			name = "lab2 - Anpanman puzzle";
			productName = "lab2 - Anpanman puzzle";
			productReference = 87A8F494222D32B20003E2E7 /* lab2 - Anpanman puzzle.app */;
			productType = "com.apple.product-type.application";
		};
		87A8F4A7222D32B30003E2E7 /* lab2 - Anpanman puzzleTests */ = {
			isa = PBXNativeTarget;
			buildConfigurationList = 87A8F4BF222D32B30003E2E7 /* Build configuration list for PBXNativeTarget "lab2 - Anpanman puzzleTests" */;
			buildPhases = (
				87A8F4A4222D32B30003E2E7 /* Sources */,
				87A8F4A5222D32B30003E2E7 /* Frameworks */,
				87A8F4A6222D32B30003E2E7 /* Resources */,
			);
			buildRules = (
			);
			dependencies = (
				87A8F4AA222D32B30003E2E7 /* PBXTargetDependency */,
			);
			name = "lab2 - Anpanman puzzleTests";
			productName = "lab2 - Anpanman puzzleTests";
			productReference = 87A8F4A8222D32B30003E2E7 /* lab2 - Anpanman puzzleTests.xctest */;
			productType = "com.apple.product-type.bundle.unit-test";
		};
		87A8F4B2222D32B30003E2E7 /* lab2 - Anpanman puzzleUITests */ = {
			isa = PBXNativeTarget;
			buildConfigurationList = 87A8F4C2222D32B30003E2E7 /* Build configuration list for PBXNativeTarget "lab2 - Anpanman puzzleUITests" */;
			buildPhases = (
				87A8F4AF222D32B30003E2E7 /* Sources */,
				87A8F4B0222D32B30003E2E7 /* Frameworks */,
				87A8F4B1222D32B30003E2E7 /* Resources */,
			);
			buildRules = (
			);
			dependencies = (
				87A8F4B5222D32B30003E2E7 /* PBXTargetDependency */,
			);
			name = "lab2 - Anpanman puzzleUITests";
			productName = "lab2 - Anpanman puzzleUITests";
			productReference = 87A8F4B3222D32B30003E2E7 /* lab2 - Anpanman puzzleUITests.xctest */;
			productType = "com.apple.product-type.bundle.ui-testing";
		};
/* End PBXNativeTarget section */

/* Begin PBXProject section */
		87A8F48C222D32B20003E2E7 /* Project object */ = {
			isa = PBXProject;
			attributes = {
				LastSwiftUpdateCheck = 1020;
				LastUpgradeCheck = 1020;
				ORGANIZATIONNAME = "陳嬿晴";
				TargetAttributes = {
					87A8F493222D32B20003E2E7 = {
						CreatedOnToolsVersion = 10.2;
					};
					87A8F4A7222D32B30003E2E7 = {
						CreatedOnToolsVersion = 10.2;
						TestTargetID = 87A8F493222D32B20003E2E7;
					};
					87A8F4B2222D32B30003E2E7 = {
						CreatedOnToolsVersion = 10.2;
						TestTargetID = 87A8F493222D32B20003E2E7;
					};
				};
			};
			buildConfigurationList = 87A8F48F222D32B20003E2E7 /* Build configuration list for PBXProject "lab2 - Anpanman puzzle" */;
			compatibilityVersion = "Xcode 9.3";
			developmentRegion = en;
			hasScannedForEncodings = 0;
			knownRegions = (
				en,
				Base,
			);
			mainGroup = 87A8F48B222D32B20003E2E7;
			productRefGroup = 87A8F495222D32B20003E2E7 /* Products */;
			projectDirPath = "";
			projectRoot = "";
			targets = (
				87A8F493222D32B20003E2E7 /* lab2 - Anpanman puzzle */,
				87A8F4A7222D32B30003E2E7 /* lab2 - Anpanman puzzleTests */,
				87A8F4B2222D32B30003E2E7 /* lab2 - Anpanman puzzleUITests */,
			);
		};
/* End PBXProject section */

/* Begin PBXResourcesBuildPhase section */
		87A8F492222D32B20003E2E7 /* Resources */ = {
			isa = PBXResourcesBuildPhase;
			buildActionMask = 2147483647;
			files = (
				87A8F4A2222D32B30003E2E7 /* LaunchScreen.storyboard in Resources */,
				87A8F49F222D32B30003E2E7 /* Assets.xcassets in Resources */,
				87A8F49D222D32B20003E2E7 /* Main.storyboard in Resources */,
			);
			runOnlyForDeploymentPostprocessing = 0;
		};
		87A8F4A6222D32B30003E2E7 /* Resources */ = {
			isa = PBXResourcesBuildPhase;
			buildActionMask = 2147483647;
			files = (
			);
			runOnlyForDeploymentPostprocessing = 0;
		};
		87A8F4B1222D32B30003E2E7 /* Resources */ = {
			isa = PBXResourcesBuildPhase;
			buildActionMask = 2147483647;
			files = (
			);
			runOnlyForDeploymentPostprocessing = 0;
		};
/* End PBXResourcesBuildPhase section */

/* Begin PBXSourcesBuildPhase section */
		87A8F490222D32B20003E2E7 /* Sources */ = {
			isa = PBXSourcesBuildPhase;
			buildActionMask = 2147483647;
			files = (
				87A8F49A222D32B20003E2E7 /* ViewController.swift in Sources */,
				87A8F498222D32B20003E2E7 /* AppDelegate.swift in Sources */,
			);
			runOnlyForDeploymentPostprocessing = 0;
		};
		87A8F4A4222D32B30003E2E7 /* Sources */ = {
			isa = PBXSourcesBuildPhase;
			buildActionMask = 2147483647;
			files = (
				87A8F4AD222D32B30003E2E7 /* lab2___Anpanman_puzzleTests.swift in Sources */,
			);
			runOnlyForDeploymentPostprocessing = 0;
		};
		87A8F4AF222D32B30003E2E7 /* Sources */ = {
			isa = PBXSourcesBuildPhase;
			buildActionMask = 2147483647;
			files = (
				87A8F4B8222D32B30003E2E7 /* lab2___Anpanman_puzzleUITests.swift in Sources */,
			);
			runOnlyForDeploymentPostprocessing = 0;
		};
/* End PBXSourcesBuildPhase section */

/* Begin PBXTargetDependency section */
		87A8F4AA222D32B30003E2E7 /* PBXTargetDependency */ = {
			isa = PBXTargetDependency;
			target = 87A8F493222D32B20003E2E7 /* lab2 - Anpanman puzzle */;
			targetProxy = 87A8F4A9222D32B30003E2E7 /* PBXContainerItemProxy */;
		};
		87A8F4B5222D32B30003E2E7 /* PBXTargetDependency */ = {
			isa = PBXTargetDependency;
			target = 87A8F493222D32B20003E2E7 /* lab2 - Anpanman puzzle */;
			targetProxy = 87A8F4B4222D32B30003E2E7 /* PBXContainerItemProxy */;
		};
/* End PBXTargetDependency section */

/* Begin PBXVariantGroup section */
		87A8F49B222D32B20003E2E7 /* Main.storyboard */ = {
			isa = PBXVariantGroup;
			children = (
				87A8F49C222D32B20003E2E7 /* Base */,
			);
			name = Main.storyboard;
			sourceTree = "<group>";
		};
		87A8F4A0222D32B30003E2E7 /* LaunchScreen.storyboard */ = {
			isa = PBXVariantGroup;
			children = (
				87A8F4A1222D32B30003E2E7 /* Base */,
			);
			name = LaunchScreen.storyboard;
			sourceTree = "<group>";
		};
/* End PBXVariantGroup section */

/* Begin XCBuildConfiguration section */
		87A8F4BA222D32B30003E2E7 /* Debug */ = {
			isa = XCBuildConfiguration;
			buildSettings = {
				ALWAYS_SEARCH_USER_PATHS = NO;
				CLANG_ANALYZER_NONNULL = YES;
				CLANG_ANALYZER_NUMBER_OBJECT_CONVERSION = YES_AGGRESSIVE;
				CLANG_CXX_LANGUAGE_STANDARD = "gnu++14";
				CLANG_CXX_LIBRARY = "libc++";
				CLANG_ENABLE_MODULES = YES;
				CLANG_ENABLE_OBJC_ARC = YES;
				CLANG_ENABLE_OBJC_WEAK = YES;
				CLANG_WARN_BLOCK_CAPTURE_AUTORELEASING = YES;
				CLANG_WARN_BOOL_CONVERSION = YES;
				CLANG_WARN_COMMA = YES;
				CLANG_WARN_CONSTANT_CONVERSION = YES;
				CLANG_WARN_DEPRECATED_OBJC_IMPLEMENTATIONS = YES;
				CLANG_WARN_DIRECT_OBJC_ISA_USAGE = YES_ERROR;
				CLANG_WARN_DOCUMENTATION_COMMENTS = YES;
				CLANG_WARN_EMPTY_BODY = YES;
				CLANG_WARN_ENUM_CONVERSION = YES;
				CLANG_WARN_INFINITE_RECURSION = YES;
				CLANG_WARN_INT_CONVERSION = YES;
				CLANG_WARN_NON_LITERAL_NULL_CONVERSION = YES;
				CLANG_WARN_OBJC_IMPLICIT_RETAIN_SELF = YES;
				CLANG_WARN_OBJC_LITERAL_CONVERSION = YES;
				CLANG_WARN_OBJC_ROOT_CLASS = YES_ERROR;
				CLANG_WARN_RANGE_LOOP_ANALYSIS = YES;
				CLANG_WARN_STRICT_PROTOTYPES = YES;
				CLANG_WARN_SUSPICIOUS_MOVE = YES;
				CLANG_WARN_UNGUARDED_AVAILABILITY = YES_AGGRESSIVE;
				CLANG_WARN_UNREACHABLE_CODE = YES;
				CLANG_WARN__DUPLICATE_METHOD_MATCH = YES;
				CODE_SIGN_IDENTITY = "iPhone Developer";
				COPY_PHASE_STRIP = NO;
				DEBUG_INFORMATION_FORMAT = dwarf;
				ENABLE_STRICT_OBJC_MSGSEND = YES;
				ENABLE_TESTABILITY = YES;
				GCC_C_LANGUAGE_STANDARD = gnu11;
				GCC_DYNAMIC_NO_PIC = NO;
				GCC_NO_COMMON_BLOCKS = YES;
				GCC_OPTIMIZATION_LEVEL = 0;
				GCC_PREPROCESSOR_DEFINITIONS = (
					"DEBUG=1",
					"$(inherited)",
				);
				GCC_WARN_64_TO_32_BIT_CONVERSION = YES;
				GCC_WARN_ABOUT_RETURN_TYPE = YES_ERROR;
				GCC_WARN_UNDECLARED_SELECTOR = YES;
				GCC_WARN_UNINITIALIZED_AUTOS = YES_AGGRESSIVE;
				GCC_WARN_UNUSED_FUNCTION = YES;
				GCC_WARN_UNUSED_VARIABLE = YES;
				IPHONEOS_DEPLOYMENT_TARGET = 12.2;
				MTL_ENABLE_DEBUG_INFO = INCLUDE_SOURCE;
				MTL_FAST_MATH = YES;
				ONLY_ACTIVE_ARCH = YES;
				SDKROOT = iphoneos;
				SWIFT_ACTIVE_COMPILATION_CONDITIONS = DEBUG;
				SWIFT_OPTIMIZATION_LEVEL = "-Onone";
			};
			name = Debug;
		};
		87A8F4BB222D32B30003E2E7 /* Release */ = {
			isa = XCBuildConfiguration;
			buildSettings = {
				ALWAYS_SEARCH_USER_PATHS = NO;
				CLANG_ANALYZER_NONNULL = YES;
				CLANG_ANALYZER_NUMBER_OBJECT_CONVERSION = YES_AGGRESSIVE;
				CLANG_CXX_LANGUAGE_STANDARD = "gnu++14";
				CLANG_CXX_LIBRARY = "libc++";
				CLANG_ENABLE_MODULES = YES;
				CLANG_ENABLE_OBJC_ARC = YES;
				CLANG_ENABLE_OBJC_WEAK = YES;
				CLANG_WARN_BLOCK_CAPTURE_AUTORELEASING = YES;
				CLANG_WARN_BOOL_CONVERSION = YES;
				CLANG_WARN_COMMA = YES;
				CLANG_WARN_CONSTANT_CONVERSION = YES;
				CLANG_WARN_DEPRECATED_OBJC_IMPLEMENTATIONS = YES;
				CLANG_WARN_DIRECT_OBJC_ISA_USAGE = YES_ERROR;
				CLANG_WARN_DOCUMENTATION_COMMENTS = YES;
				CLANG_WARN_EMPTY_BODY = YES;
				CLANG_WARN_ENUM_CONVERSION = YES;
				CLANG_WARN_INFINITE_RECURSION = YES;
				CLANG_WARN_INT_CONVERSION = YES;
				CLANG_WARN_NON_LITERAL_NULL_CONVERSION = YES;
				CLANG_WARN_OBJC_IMPLICIT_RETAIN_SELF = YES;
				CLANG_WARN_OBJC_LITERAL_CONVERSION = YES;
				CLANG_WARN_OBJC_ROOT_CLASS = YES_ERROR;
				CLANG_WARN_RANGE_LOOP_ANALYSIS = YES;
				CLANG_WARN_STRICT_PROTOTYPES = YES;
				CLANG_WARN_SUSPICIOUS_MOVE = YES;
				CLANG_WARN_UNGUARDED_AVAILABILITY = YES_AGGRESSIVE;
				CLANG_WARN_UNREACHABLE_CODE = YES;
				CLANG_WARN__DUPLICATE_METHOD_MATCH = YES;
				CODE_SIGN_IDENTITY = "iPhone Developer";
				COPY_PHASE_STRIP = NO;
				DEBUG_INFORMATION_FORMAT = "dwarf-with-dsym";
				ENABLE_NS_ASSERTIONS = NO;
				ENABLE_STRICT_OBJC_MSGSEND = YES;
				GCC_C_LANGUAGE_STANDARD = gnu11;
				GCC_NO_COMMON_BLOCKS = YES;
				GCC_WARN_64_TO_32_BIT_CONVERSION = YES;
				GCC_WARN_ABOUT_RETURN_TYPE = YES_ERROR;
				GCC_WARN_UNDECLARED_SELECTOR = YES;
				GCC_WARN_UNINITIALIZED_AUTOS = YES_AGGRESSIVE;
				GCC_WARN_UNUSED_FUNCTION = YES;
				GCC_WARN_UNUSED_VARIABLE = YES;
				IPHONEOS_DEPLOYMENT_TARGET = 12.2;
				MTL_ENABLE_DEBUG_INFO = NO;
				MTL_FAST_MATH = YES;
				SDKROOT = iphoneos;
				SWIFT_COMPILATION_MODE = wholemodule;
				SWIFT_OPTIMIZATION_LEVEL = "-O";
				VALIDATE_PRODUCT = YES;
			};
			name = Release;
		};
		87A8F4BD222D32B30003E2E7 /* Debug */ = {
			isa = XCBuildConfiguration;
			buildSettings = {
				ASSETCATALOG_COMPILER_APPICON_NAME = AppIcon;
				CODE_SIGN_STYLE = Automatic;
				INFOPLIST_FILE = "lab2 - Anpanman puzzle/Info.plist";
				LD_RUNPATH_SEARCH_PATHS = (
					"$(inherited)",
					"@executable_path/Frameworks",
				);
				PRODUCT_BUNDLE_IDENTIFIER = "qing.lab2---Anpanman-puzzle";
				PRODUCT_NAME = "$(TARGET_NAME)";
				SWIFT_VERSION = 5.0;
				TARGETED_DEVICE_FAMILY = "1,2";
			};
			name = Debug;
		};
		87A8F4BE222D32B30003E2E7 /* Release */ = {
			isa = XCBuildConfiguration;
			buildSettings = {
				ASSETCATALOG_COMPILER_APPICON_NAME = AppIcon;
				CODE_SIGN_STYLE = Automatic;
				INFOPLIST_FILE = "lab2 - Anpanman puzzle/Info.plist";
				LD_RUNPATH_SEARCH_PATHS = (
					"$(inherited)",
					"@executable_path/Frameworks",
				);
				PRODUCT_BUNDLE_IDENTIFIER = "qing.lab2---Anpanman-puzzle";
				PRODUCT_NAME = "$(TARGET_NAME)";
				SWIFT_VERSION = 5.0;
				TARGETED_DEVICE_FAMILY = "1,2";
			};
			name = Release;
		};
		87A8F4C0222D32B30003E2E7 /* Debug */ = {
			isa = XCBuildConfiguration;
			buildSettings = {
				ALWAYS_EMBED_SWIFT_STANDARD_LIBRARIES = YES;
				BUNDLE_LOADER = "$(TEST_HOST)";
				CODE_SIGN_STYLE = Automatic;
				INFOPLIST_FILE = "lab2 - Anpanman puzzleTests/Info.plist";
				LD_RUNPATH_SEARCH_PATHS = (
					"$(inherited)",
					"@executable_path/Frameworks",
					"@loader_path/Frameworks",
				);
				PRODUCT_BUNDLE_IDENTIFIER = "qing.lab2---Anpanman-puzzleTests";
				PRODUCT_NAME = "$(TARGET_NAME)";
				SWIFT_VERSION = 5.0;
				TARGETED_DEVICE_FAMILY = "1,2";
				TEST_HOST = "$(BUILT_PRODUCTS_DIR)/lab2 - Anpanman puzzle.app/lab2 - Anpanman puzzle";
			};
			name = Debug;
		};
		87A8F4C1222D32B30003E2E7 /* Release */ = {
			isa = XCBuildConfiguration;
			buildSettings = {
				ALWAYS_EMBED_SWIFT_STANDARD_LIBRARIES = YES;
				BUNDLE_LOADER = "$(TEST_HOST)";
				CODE_SIGN_STYLE = Automatic;
				INFOPLIST_FILE = "lab2 - Anpanman puzzleTests/Info.plist";
				LD_RUNPATH_SEARCH_PATHS = (
					"$(inherited)",
					"@executable_path/Frameworks",
					"@loader_path/Frameworks",
				);
				PRODUCT_BUNDLE_IDENTIFIER = "qing.lab2---Anpanman-puzzleTests";
				PRODUCT_NAME = "$(TARGET_NAME)";
				SWIFT_VERSION = 5.0;
				TARGETED_DEVICE_FAMILY = "1,2";
				TEST_HOST = "$(BUILT_PRODUCTS_DIR)/lab2 - Anpanman puzzle.app/lab2 - Anpanman puzzle";
			};
			name = Release;
		};
		87A8F4C3222D32B30003E2E7 /* Debug */ = {
			isa = XCBuildConfiguration;
			buildSettings = {
				ALWAYS_EMBED_SWIFT_STANDARD_LIBRARIES = YES;
				CODE_SIGN_STYLE = Automatic;
				INFOPLIST_FILE = "lab2 - Anpanman puzzleUITests/Info.plist";
				LD_RUNPATH_SEARCH_PATHS = (
					"$(inherited)",
					"@executable_path/Frameworks",
					"@loader_path/Frameworks",
				);
				PRODUCT_BUNDLE_IDENTIFIER = "qing.lab2---Anpanman-puzzleUITests";
				PRODUCT_NAME = "$(TARGET_NAME)";
				SWIFT_VERSION = 5.0;
				TARGETED_DEVICE_FAMILY = "1,2";
				TEST_TARGET_NAME = "lab2 - Anpanman puzzle";
			};
			name = Debug;
		};
		87A8F4C4222D32B30003E2E7 /* Release */ = {
			isa = XCBuildConfiguration;
			buildSettings = {
				ALWAYS_EMBED_SWIFT_STANDARD_LIBRARIES = YES;
				CODE_SIGN_STYLE = Automatic;
				INFOPLIST_FILE = "lab2 - Anpanman puzzleUITests/Info.plist";
				LD_RUNPATH_SEARCH_PATHS = (
					"$(inherited)",
					"@executable_path/Frameworks",
					"@loader_path/Frameworks",
				);
				PRODUCT_BUNDLE_IDENTIFIER = "qing.lab2---Anpanman-puzzleUITests";
				PRODUCT_NAME = "$(TARGET_NAME)";
				SWIFT_VERSION = 5.0;
				TARGETED_DEVICE_FAMILY = "1,2";
				TEST_TARGET_NAME = "lab2 - Anpanman puzzle";
			};
			name = Release;
		};
/* End XCBuildConfiguration section */

/* Begin XCConfigurationList section */
		87A8F48F222D32B20003E2E7 /* Build configuration list for PBXProject "lab2 - Anpanman puzzle" */ = {
			isa = XCConfigurationList;
			buildConfigurations = (
				87A8F4BA222D32B30003E2E7 /* Debug */,
				87A8F4BB222D32B30003E2E7 /* Release */,
			);
			defaultConfigurationIsVisible = 0;
			defaultConfigurationName = Release;
		};
		87A8F4BC222D32B30003E2E7 /* Build configuration list for PBXNativeTarget "lab2 - Anpanman puzzle" */ = {
			isa = XCConfigurationList;
			buildConfigurations = (
				87A8F4BD222D32B30003E2E7 /* Debug */,
				87A8F4BE222D32B30003E2E7 /* Release */,
			);
			defaultConfigurationIsVisible = 0;
			defaultConfigurationName = Release;
		};
		87A8F4BF222D32B30003E2E7 /* Build configuration list for PBXNativeTarget "lab2 - Anpanman puzzleTests" */ = {
			isa = XCConfigurationList;
			buildConfigurations = (
				87A8F4C0222D32B30003E2E7 /* Debug */,
				87A8F4C1222D32B30003E2E7 /* Release */,
			);
			defaultConfigurationIsVisible = 0;
			defaultConfigurationName = Release;
		};
		87A8F4C2222D32B30003E2E7 /* Build configuration list for PBXNativeTarget "lab2 - Anpanman puzzleUITests" */ = {
			isa = XCConfigurationList;
			buildConfigurations = (
				87A8F4C3222D32B30003E2E7 /* Debug */,
				87A8F4C4222D32B30003E2E7 /* Release */,
			);
			defaultConfigurationIsVisible = 0;
			defaultConfigurationName = Release;
		};
/* End XCConfigurationList section */
	};
	rootObject = 87A8F48C222D32B20003E2E7 /* Project object */;
}
